// !$*UTF8*$!
{
	archiveVersion = 1;
	classes = {
	};
	objectVersion = 46;
	objects = {

/* Begin PBXBuildFile section */
		B9362B281F0C8FB4007A78D8 /* AppDelegate.swift in Sources */ = {isa = PBXBuildFile; fileRef = B9362B271F0C8FB4007A78D8 /* AppDelegate.swift */; };
		B9362B2A1F0C8FB4007A78D8 /* LicaiViewController.swift in Sources */ = {isa = PBXBuildFile; fileRef = B9362B291F0C8FB4007A78D8 /* LicaiViewController.swift */; };
		B9362B2D1F0C8FB4007A78D8 /* Main.storyboard in Resources */ = {isa = PBXBuildFile; fileRef = B9362B2B1F0C8FB4007A78D8 /* Main.storyboard */; };
		B9362B301F0C8FB4007A78D8 /* nbcb_ios.xcdatamodeld in Sources */ = {isa = PBXBuildFile; fileRef = B9362B2E1F0C8FB4007A78D8 /* nbcb_ios.xcdatamodeld */; };
		B9362B321F0C8FB4007A78D8 /* Assets.xcassets in Resources */ = {isa = PBXBuildFile; fileRef = B9362B311F0C8FB4007A78D8 /* Assets.xcassets */; };
		B9362B351F0C8FB4007A78D8 /* LaunchScreen.storyboard in Resources */ = {isa = PBXBuildFile; fileRef = B9362B331F0C8FB4007A78D8 /* LaunchScreen.storyboard */; };
		B9362B3D1F0CB5EC007A78D8 /* ShouyilvViewController.swift in Sources */ = {isa = PBXBuildFile; fileRef = B9362B3C1F0CB5EC007A78D8 /* ShouyilvViewController.swift */; };
/* End PBXBuildFile section */

/* Begin PBXFileReference section */
		B9362B241F0C8FB4007A78D8 /* nbcb-ios.app */ = {isa = PBXFileReference; explicitFileType = wrapper.application; includeInIndex = 0; path = "nbcb-ios.app"; sourceTree = BUILT_PRODUCTS_DIR; };
		B9362B271F0C8FB4007A78D8 /* AppDelegate.swift */ = {isa = PBXFileReference; lastKnownFileType = sourcecode.swift; path = AppDelegate.swift; sourceTree = "<group>"; };
		B9362B291F0C8FB4007A78D8 /* LicaiViewController.swift */ = {isa = PBXFileReference; lastKnownFileType = sourcecode.swift; path = LicaiViewController.swift; sourceTree = "<group>"; };
		B9362B2C1F0C8FB4007A78D8 /* Base */ = {isa = PBXFileReference; lastKnownFileType = file.storyboard; name = Base; path = Base.lproj/Main.storyboard; sourceTree = "<group>"; };
		B9362B2F1F0C8FB4007A78D8 /* nbcb_ios.xcdatamodel */ = {isa = PBXFileReference; lastKnownFileType = wrapper.xcdatamodel; path = nbcb_ios.xcdatamodel; sourceTree = "<group>"; };
		B9362B311F0C8FB4007A78D8 /* Assets.xcassets */ = {isa = PBXFileReference; lastKnownFileType = folder.assetcatalog; path = Assets.xcassets; sourceTree = "<group>"; };
		B9362B341F0C8FB4007A78D8 /* Base */ = {isa = PBXFileReference; lastKnownFileType = file.storyboard; name = Base; path = Base.lproj/LaunchScreen.storyboard; sourceTree = "<group>"; };
		B9362B361F0C8FB4007A78D8 /* Info.plist */ = {isa = PBXFileReference; lastKnownFileType = text.plist.xml; path = Info.plist; sourceTree = "<group>"; };
		B9362B3C1F0CB5EC007A78D8 /* ShouyilvViewController.swift */ = {isa = PBXFileReference; fileEncoding = 4; lastKnownFileType = sourcecode.swift; path = ShouyilvViewController.swift; sourceTree = "<group>"; };
/* End PBXFileReference section */

/* Begin PBXFrameworksBuildPhase section */
		B9362B211F0C8FB4007A78D8 /* Frameworks */ = {
			isa = PBXFrameworksBuildPhase;
			buildActionMask = 2147483647;
			files = (
			);
			runOnlyForDeploymentPostprocessing = 0;
		};
/* End PBXFrameworksBuildPhase section */

/* Begin PBXGroup section */
		B9362B1B1F0C8FB4007A78D8 = {
			isa = PBXGroup;
			children = (
				B9362B261F0C8FB4007A78D8 /* nbcb-ios */,
				B9362B251F0C8FB4007A78D8 /* Products */,
			);
			sourceTree = "<group>";
		};
		B9362B251F0C8FB4007A78D8 /* Products */ = {
			isa = PBXGroup;
			children = (
				B9362B241F0C8FB4007A78D8 /* nbcb-ios.app */,
			);
			name = Products;
			sourceTree = "<group>";
		};
		B9362B261F0C8FB4007A78D8 /* nbcb-ios */ = {
			isa = PBXGroup;
			children = (
				B9362B271F0C8FB4007A78D8 /* AppDelegate.swift */,
				B9362B291F0C8FB4007A78D8 /* LicaiViewController.swift */,
				B9362B3C1F0CB5EC007A78D8 /* ShouyilvViewController.swift */,
				B9362B2B1F0C8FB4007A78D8 /* Main.storyboard */,
				B9362B311F0C8FB4007A78D8 /* Assets.xcassets */,
				B9362B331F0C8FB4007A78D8 /* LaunchScreen.storyboard */,
				B9362B361F0C8FB4007A78D8 /* Info.plist */,
				B9362B2E1F0C8FB4007A78D8 /* nbcb_ios.xcdatamodeld */,
			);
			path = "nbcb-ios";
			sourceTree = "<group>";
		};
/* End PBXGroup section */

/* Begin PBXNativeTarget section */
		B9362B231F0C8FB4007A78D8 /* nbcb-ios */ = {
			isa = PBXNativeTarget;
			buildConfigurationList = B9362B391F0C8FB4007A78D8 /* Build configuration list for PBXNativeTarget "nbcb-ios" */;
			buildPhases = (
				B9362B201F0C8FB4007A78D8 /* Sources */,
				B9362B211F0C8FB4007A78D8 /* Frameworks */,
				B9362B221F0C8FB4007A78D8 /* Resources */,
			);
			buildRules = (
			);
			dependencies = (
			);
			name = "nbcb-ios";
			productName = "nbcb-ios";
			productReference = B9362B241F0C8FB4007A78D8 /* nbcb-ios.app */;
			productType = "com.apple.product-type.application";
		};
/* End PBXNativeTarget section */

/* Begin PBXProject section */
		B9362B1C1F0C8FB4007A78D8 /* Project object */ = {
			isa = PBXProject;
			attributes = {
				LastSwiftUpdateCheck = 0830;
				LastUpgradeCheck = 0830;
				ORGANIZATIONNAME = qh;
				TargetAttributes = {
					B9362B231F0C8FB4007A78D8 = {
						CreatedOnToolsVersion = 8.3.3;
						DevelopmentTeam = 7529T252C9;
						ProvisioningStyle = Automatic;
					};
				};
			};
			buildConfigurationList = B9362B1F1F0C8FB4007A78D8 /* Build configuration list for PBXProject "nbcb-ios" */;
			compatibilityVersion = "Xcode 3.2";
			developmentRegion = English;
			hasScannedForEncodings = 0;
			knownRegions = (
				en,
				Base,
			);
			mainGroup = B9362B1B1F0C8FB4007A78D8;
			productRefGroup = B9362B251F0C8FB4007A78D8 /* Products */;
			projectDirPath = "";
			projectRoot = "";
			targets = (
				B9362B231F0C8FB4007A78D8 /* nbcb-ios */,
			);
		};
/* End PBXProject section */

/* Begin PBXResourcesBuildPhase section */
		B9362B221F0C8FB4007A78D8 /* Resources */ = {
			isa = PBXResourcesBuildPhase;
			buildActionMask = 2147483647;
			files = (
				B9362B351F0C8FB4007A78D8 /* LaunchScreen.storyboard in Resources */,
				B9362B321F0C8FB4007A78D8 /* Assets.xcassets in Resources */,
				B9362B2D1F0C8FB4007A78D8 /* Main.storyboard in Resources */,
			);
			runOnlyForDeploymentPostprocessing = 0;
		};
/* End PBXResourcesBuildPhase section */

/* Begin PBXSourcesBuildPhase section */
		B9362B201F0C8FB4007A78D8 /* Sources */ = {
			isa = PBXSourcesBuildPhase;
			buildActionMask = 2147483647;
			files = (
				B9362B2A1F0C8FB4007A78D8 /* LicaiViewController.swift in Sources */,
				B9362B3D1F0CB5EC007A78D8 /* ShouyilvViewController.swift in Sources */,
				B9362B301F0C8FB4007A78D8 /* nbcb_ios.xcdatamodeld in Sources */,
				B9362B281F0C8FB4007A78D8 /* AppDelegate.swift in Sources */,
			);
			runOnlyForDeploymentPostprocessing = 0;
		};
/* End PBXSourcesBuildPhase section */

/* Begin PBXVariantGroup section */
		B9362B2B1F0C8FB4007A78D8 /* Main.storyboard */ = {
			isa = PBXVariantGroup;
			children = (
				B9362B2C1F0C8FB4007A78D8 /* Base */,
			);
			name = Main.storyboard;
			sourceTree = "<group>";
		};
		B9362B331F0C8FB4007A78D8 /* LaunchScreen.storyboard */ = {
			isa = PBXVariantGroup;
			children = (
				B9362B341F0C8FB4007A78D8 /* Base */,
			);
			name = LaunchScreen.storyboard;
			sourceTree = "<group>";
		};
/* End PBXVariantGroup section */

/* Begin XCBuildConfiguration section */
		B9362B371F0C8FB4007A78D8 /* Debug */ = {
			isa = XCBuildConfiguration;
			buildSettings = {
				ALWAYS_SEARCH_USER_PATHS = NO;
				CLANG_ANALYZER_NONNULL = YES;
				CLANG_ANALYZER_NUMBER_OBJECT_CONVERSION = YES_AGGRESSIVE;
				CLANG_CXX_LANGUAGE_STANDARD = "gnu++0x";
				CLANG_CXX_LIBRARY = "libc++";
				CLANG_ENABLE_MODULES = YES;
				CLANG_ENABLE_OBJC_ARC = YES;
				CLANG_WARN_BOOL_CONVERSION = YES;
				CLANG_WARN_CONSTANT_CONVERSION = YES;
				CLANG_WARN_DIRECT_OBJC_ISA_USAGE = YES_ERROR;
				CLANG_WARN_DOCUMENTATION_COMMENTS = YES;
				CLANG_WARN_EMPTY_BODY = YES;
				CLANG_WARN_ENUM_CONVERSION = YES;
				CLANG_WARN_INFINITE_RECURSION = YES;
				CLANG_WARN_INT_CONVERSION = YES;
				CLANG_WARN_OBJC_ROOT_CLASS = YES_ERROR;
				CLANG_WARN_SUSPICIOUS_MOVE = YES;
				CLANG_WARN_UNREACHABLE_CODE = YES;
				CLANG_WARN__DUPLICATE_METHOD_MATCH = YES;
				"CODE_SIGN_IDENTITY[sdk=iphoneos*]" = "iPhone Developer";
				COPY_PHASE_STRIP = NO;
				DEBUG_INFORMATION_FORMAT = dwarf;
				ENABLE_STRICT_OBJC_MSGSEND = YES;
				ENABLE_TESTABILITY = YES;
				GCC_C_LANGUAGE_STANDARD = gnu99;
				GCC_DYNAMIC_NO_PIC = NO;
				GCC_NO_COMMON_BLOCKS = YES;
				GCC_OPTIMIZATION_LEVEL = 0;
				GCC_PREPROCESSOR_DEFINITIONS = (
					"DEBUG=1",
					"$(inherited)",
				);
				GCC_WARN_64_TO_32_BIT_CONVERSION = YES;
				GCC_WARN_ABOUT_RETURN_TYPE = YES_ERROR;
				GCC_WARN_UNDECLARED_SELECTOR = YES;
				GCC_WARN_UNINITIALIZED_AUTOS = YES_AGGRESSIVE;
				GCC_WARN_UNUSED_FUNCTION = YES;
				GCC_WARN_UNUSED_VARIABLE = YES;
				IPHONEOS_DEPLOYMENT_TARGET = 10.3;
				MTL_ENABLE_DEBUG_INFO = YES;
				ONLY_ACTIVE_ARCH = YES;
				SDKROOT = iphoneos;
				SWIFT_ACTIVE_COMPILATION_CONDITIONS = DEBUG;
				SWIFT_OPTIMIZATION_LEVEL = "-Onone";
			};
			name = Debug;
		};
		B9362B381F0C8FB4007A78D8 /* Release */ = {
			isa = XCBuildConfiguration;
			buildSettings = {
				ALWAYS_SEARCH_USER_PATHS = NO;
				CLANG_ANALYZER_NONNULL = YES;
				CLANG_ANALYZER_NUMBER_OBJECT_CONVERSION = YES_AGGRESSIVE;
				CLANG_CXX_LANGUAGE_STANDARD = "gnu++0x";
				CLANG_CXX_LIBRARY = "libc++";
				CLANG_ENABLE_MODULES = YES;
				CLANG_ENABLE_OBJC_ARC = YES;
				CLANG_WARN_BOOL_CONVERSION = YES;
				CLANG_WARN_CONSTANT_CONVERSION = YES;
				CLANG_WARN_DIRECT_OBJC_ISA_USAGE = YES_ERROR;
				CLANG_WARN_DOCUMENTATION_COMMENTS = YES;
				CLANG_WARN_EMPTY_BODY = YES;
				CLANG_WARN_ENUM_CONVERSION = YES;
				CLANG_WARN_INFINITE_RECURSION = YES;
				CLANG_WARN_INT_CONVERSION = YES;
				CLANG_WARN_OBJC_ROOT_CLASS = YES_ERROR;
				CLANG_WARN_SUSPICIOUS_MOVE = YES;
				CLANG_WARN_UNREACHABLE_CODE = YES;
				CLANG_WARN__DUPLICATE_METHOD_MATCH = YES;
				"CODE_SIGN_IDENTITY[sdk=iphoneos*]" = "iPhone Developer";
				COPY_PHASE_STRIP = NO;
				DEBUG_INFORMATION_FORMAT = "dwarf-with-dsym";
				ENABLE_NS_ASSERTIONS = NO;
				ENABLE_STRICT_OBJC_MSGSEND = YES;
				GCC_C_LANGUAGE_STANDARD = gnu99;
				GCC_NO_COMMON_BLOCKS = YES;
				GCC_WARN_64_TO_32_BIT_CONVERSION = YES;
				GCC_WARN_ABOUT_RETURN_TYPE = YES_ERROR;
				GCC_WARN_UNDECLARED_SELECTOR = YES;
				GCC_WARN_UNINITIALIZED_AUTOS = YES_AGGRESSIVE;
				GCC_WARN_UNUSED_FUNCTION = YES;
				GCC_WARN_UNUSED_VARIABLE = YES;
				IPHONEOS_DEPLOYMENT_TARGET = 10.3;
				MTL_ENABLE_DEBUG_INFO = NO;
				SDKROOT = iphoneos;
				SWIFT_OPTIMIZATION_LEVEL = "-Owholemodule";
				VALIDATE_PRODUCT = YES;
			};
			name = Release;
		};
		B9362B3A1F0C8FB4007A78D8 /* Debug */ = {
			isa = XCBuildConfiguration;
			buildSettings = {
				ASSETCATALOG_COMPILER_APPICON_NAME = "AppIcon-1";
				DEVELOPMENT_TEAM = 7529T252C9;
				INFOPLIST_FILE = "nbcb-ios/Info.plist";
				LD_RUNPATH_SEARCH_PATHS = "$(inherited) @executable_path/Frameworks";
				PRODUCT_BUNDLE_IDENTIFIER = "com.qh.nbcb-ios";
				PRODUCT_NAME = "$(TARGET_NAME)";
				SWIFT_VERSION = 3.0;
			};
			name = Debug;
		};
		B9362B3B1F0C8FB4007A78D8 /* Release */ = {
			isa = XCBuildConfiguration;
			buildSettings = {
				ASSETCATALOG_COMPILER_APPICON_NAME = "AppIcon-1";
				DEVELOPMENT_TEAM = 7529T252C9;
				INFOPLIST_FILE = "nbcb-ios/Info.plist";
				LD_RUNPATH_SEARCH_PATHS = "$(inherited) @executable_path/Frameworks";
				PRODUCT_BUNDLE_IDENTIFIER = "com.qh.nbcb-ios";
				PRODUCT_NAME = "$(TARGET_NAME)";
				SWIFT_VERSION = 3.0;
			};
			name = Release;
		};
/* End XCBuildConfiguration section */

/* Begin XCConfigurationList section */
		B9362B1F1F0C8FB4007A78D8 /* Build configuration list for PBXProject "nbcb-ios" */ = {
			isa = XCConfigurationList;
			buildConfigurations = (
				B9362B371F0C8FB4007A78D8 /* Debug */,
				B9362B381F0C8FB4007A78D8 /* Release */,
			);
			defaultConfigurationIsVisible = 0;
			defaultConfigurationName = Release;
		};
		B9362B391F0C8FB4007A78D8 /* Build configuration list for PBXNativeTarget "nbcb-ios" */ = {
			isa = XCConfigurationList;
			buildConfigurations = (
				B9362B3A1F0C8FB4007A78D8 /* Debug */,
				B9362B3B1F0C8FB4007A78D8 /* Release */,
			);
			defaultConfigurationIsVisible = 0;
			defaultConfigurationName = Release;
		};
/* End XCConfigurationList section */

/* Begin XCVersionGroup section */
		B9362B2E1F0C8FB4007A78D8 /* nbcb_ios.xcdatamodeld */ = {
			isa = XCVersionGroup;
			children = (
				B9362B2F1F0C8FB4007A78D8 /* nbcb_ios.xcdatamodel */,
			);
			currentVersion = B9362B2F1F0C8FB4007A78D8 /* nbcb_ios.xcdatamodel */;
			path = nbcb_ios.xcdatamodeld;
			sourceTree = "<group>";
			versionGroupType = wrapper.xcdatamodel;
		};
/* End XCVersionGroup section */
	};
	rootObject = B9362B1C1F0C8FB4007A78D8 /* Project object */;
}
